
Microsoft Visual Studio Solution File, Format Version 12.00
# Visual Studio Version 17
VisualStudioVersion = 17.12.35514.174
MinimumVisualStudioVersion = 10.0.40219.1
Project("{FAE04EC0-301F-11D3-BF4B-00C04F79EFBC}") = "WebApp_Assessment", "WebApp_Assessment\Source\WebApp_Assessment.csproj", "{82065DCD-7DFD-4869-A599-5FA5D6854D81}"
EndProject
Project("{FAE04EC0-301F-11D3-BF4B-00C04F79EFBC}") = "WebAppAssessment.Tests", "WebApp_Assessment\WebAppAssessment.Tests\WebAppAssessment.Tests.csproj", "{BB5CBF3E-1E22-47B8-BF60-10594B53B815}"
EndProject
Global
	GlobalSection(SolutionConfigurationPlatforms) = preSolution
		Debug|Any CPU = Debug|Any CPU
		Release|Any CPU = Release|Any CPU
	EndGlobalSection
	GlobalSection(ProjectConfigurationPlatforms) = postSolution
		{82065DCD-7DFD-4869-A599-5FA5D6854D81}.Debug|Any CPU.ActiveCfg = Debug|Any CPU
		{82065DCD-7DFD-4869-A599-5FA5D6854D81}.Debug|Any CPU.Build.0 = Debug|Any CPU
		{82065DCD-7DFD-4869-A599-5FA5D6854D81}.Release|Any CPU.ActiveCfg = Release|Any CPU
		{82065DCD-7DFD-4869-A599-5FA5D6854D81}.Release|Any CPU.Build.0 = Release|Any CPU
		{BB5CBF3E-1E22-47B8-BF60-10594B53B815}.Debug|Any CPU.ActiveCfg = Debug|Any CPU
		{BB5CBF3E-1E22-47B8-BF60-10594B53B815}.Debug|Any CPU.Build.0 = Debug|Any CPU
		{BB5CBF3E-1E22-47B8-BF60-10594B53B815}.Release|Any CPU.ActiveCfg = Release|Any CPU
		{BB5CBF3E-1E22-47B8-BF60-10594B53B815}.Release|Any CPU.Build.0 = Release|Any CPU
	EndGlobalSection
	GlobalSection(SolutionProperties) = preSolution
		HideSolutionNode = FALSE
	EndGlobalSection
EndGlobal
